
Microsoft Visual Studio Solution File, Format Version 11.00
# Visual Studio 2010
Project("{FAE04EC0-301F-11D3-BF4B-00C04F79EFBC}") = "GitTest1", "GitTest1\GitTest1.csproj", "{E8C6EEB4-7520-4FB6-81C1-0C6576654F56}"
EndProject
Project("{2150E333-8FDC-42A3-9474-1A3956D46DE8}") = "s1", "s1", "{AABA95A3-47A7-46A8-8197-737995EED6F8}"
EndProject
Project("{FAE04EC0-301F-11D3-BF4B-00C04F79EFBC}") = "s1_1", "s1_1\s1_1.csproj", "{373ADCE3-5E32-4AB5-84AC-DF99C05C1EBD}"
EndProject
Project("{FAE04EC0-301F-11D3-BF4B-00C04F79EFBC}") = "s2_2", "s2_2\s2_2.csproj", "{82DC89E5-FB0A-4B75-B476-91A8D02528C8}"
EndProject
Global
	GlobalSection(SolutionConfigurationPlatforms) = preSolution
		Debug|x86 = Debug|x86
		Release|x86 = Release|x86
	EndGlobalSection
	GlobalSection(ProjectConfigurationPlatforms) = postSolution
		{E8C6EEB4-7520-4FB6-81C1-0C6576654F56}.Debug|x86.ActiveCfg = Debug|x86
		{E8C6EEB4-7520-4FB6-81C1-0C6576654F56}.Debug|x86.Build.0 = Debug|x86
		{E8C6EEB4-7520-4FB6-81C1-0C6576654F56}.Release|x86.ActiveCfg = Release|x86
		{E8C6EEB4-7520-4FB6-81C1-0C6576654F56}.Release|x86.Build.0 = Release|x86
		{373ADCE3-5E32-4AB5-84AC-DF99C05C1EBD}.Debug|x86.ActiveCfg = Debug|x86
		{373ADCE3-5E32-4AB5-84AC-DF99C05C1EBD}.Debug|x86.Build.0 = Debug|x86
		{373ADCE3-5E32-4AB5-84AC-DF99C05C1EBD}.Release|x86.ActiveCfg = Release|x86
		{373ADCE3-5E32-4AB5-84AC-DF99C05C1EBD}.Release|x86.Build.0 = Release|x86
		{82DC89E5-FB0A-4B75-B476-91A8D02528C8}.Debug|x86.ActiveCfg = Debug|x86
		{82DC89E5-FB0A-4B75-B476-91A8D02528C8}.Debug|x86.Build.0 = Debug|x86
		{82DC89E5-FB0A-4B75-B476-91A8D02528C8}.Release|x86.ActiveCfg = Release|x86
		{82DC89E5-FB0A-4B75-B476-91A8D02528C8}.Release|x86.Build.0 = Release|x86
	EndGlobalSection
	GlobalSection(SolutionProperties) = preSolution
		HideSolutionNode = FALSE
	EndGlobalSection
	GlobalSection(NestedProjects) = preSolution
		{373ADCE3-5E32-4AB5-84AC-DF99C05C1EBD} = {AABA95A3-47A7-46A8-8197-737995EED6F8}
	EndGlobalSection
EndGlobal
